{
  "name": "createdomblocks",
  "version": "1.0.5",
  "lockfileVersion": 2,
  "requires": true,
  "packages": {
    "": {
      "name": "createdomblocks",
      "version": "1.0.5",
      "license": "MIT",
      "dependencies": {
        "domelemjs": "^1.1.12",
        "interactjs": "^1.10.11"
      }
    },
    "node_modules/@interactjs/types": {
      "version": "1.10.11",
      "resolved": "https://registry.npmjs.org/@interactjs/types/-/types-1.10.11.tgz",
      "integrity": "sha512-YRsVFWjL8Gkkvlx3qnjeaxW4fnibSJ9791g8BA7Pv5ANByI64WmtR1vU7A2rXcrOn8XvyCEfY0ss1s8NhZP+MA=="
    },
    "node_modules/domelemjs": {
      "version": "1.1.12",
      "resolved": "https://registry.npmjs.org/domelemjs/-/domelemjs-1.1.12.tgz",
      "integrity": "sha512-eihMNmGXRqoH6KG8cXekGpdeOBZ4EnDojqGSJsnvuKVv2Ba3m5mVjC/8aZ1wDQC2JQoDZegvulR1aQQjLFe0GA=="
    },
    "node_modules/interactjs": {
      "version": "1.10.11",
      "resolved": "https://registry.npmjs.org/interactjs/-/interactjs-1.10.11.tgz",
      "integrity": "sha512-VPUWsGAOPmrZe1YF7Fq/4AIBBZ+3FikZRS8bpzT6VsAfUuhxl/CKJY73IAiZHd3fz9p174CXErn0Qs81XEFICA==",
      "dependencies": {
        "@interactjs/types": "1.10.11"
      }
    }
  },
  "dependencies": {
    "@interactjs/types": {
      "version": "1.10.11",
      "resolved": "https://registry.npmjs.org/@interactjs/types/-/types-1.10.11.tgz",
      "integrity": "sha512-YRsVFWjL8Gkkvlx3qnjeaxW4fnibSJ9791g8BA7Pv5ANByI64WmtR1vU7A2rXcrOn8XvyCEfY0ss1s8NhZP+MA=="
    },
    "domelemjs": {
      "version": "1.1.12",
      "resolved": "https://registry.npmjs.org/domelemjs/-/domelemjs-1.1.12.tgz",
      "integrity": "sha512-eihMNmGXRqoH6KG8cXekGpdeOBZ4EnDojqGSJsnvuKVv2Ba3m5mVjC/8aZ1wDQC2JQoDZegvulR1aQQjLFe0GA=="
    },
    "interactjs": {
      "version": "1.10.11",
      "resolved": "https://registry.npmjs.org/interactjs/-/interactjs-1.10.11.tgz",
      "integrity": "sha512-VPUWsGAOPmrZe1YF7Fq/4AIBBZ+3FikZRS8bpzT6VsAfUuhxl/CKJY73IAiZHd3fz9p174CXErn0Qs81XEFICA==",
      "requires": {
        "@interactjs/types": "1.10.11"
      }
    }
  }
}
