{
  "name": "createdomblocks",
  "version": "1.0.0",
  "lockfileVersion": 2,
  "requires": true,
  "packages": {
    "": {
      "name": "createdomblocks",
      "version": "1.0.0",
      "license": "MIT",
      "dependencies": {
        "domelemjs": "^1.1.6"
      }
    },
    "node_modules/domelemjs": {
      "version": "1.1.6",
      "resolved": "https://registry.npmjs.org/domelemjs/-/domelemjs-1.1.6.tgz",
      "integrity": "sha512-0D6pZ2IwskALVfSj9785GVf2QVJLqNV9pHVlMVf2moTBRJPT6+EEC6mL9pVRU/uYzk0/xZMMtQ8k2s5+ia4jPw=="
    }
  },
  "dependencies": {
    "domelemjs": {
      "version": "1.1.6",
      "resolved": "https://registry.npmjs.org/domelemjs/-/domelemjs-1.1.6.tgz",
      "integrity": "sha512-0D6pZ2IwskALVfSj9785GVf2QVJLqNV9pHVlMVf2moTBRJPT6+EEC6mL9pVRU/uYzk0/xZMMtQ8k2s5+ia4jPw=="
    }
  }
}
